{
  "name": "react work",
  "lockfileVersion": 3,
  "requires": true,
  "packages": {
    "": {
      "dependencies": {
        "@fontsource/roboto": "^5.2.8"
      }
    },
    "node_modules/@fontsource/roboto": {
      "version": "5.2.8",
      "resolved": "https://registry.npmjs.org/@fontsource/roboto/-/roboto-5.2.8.tgz",
      "integrity": "sha512-oh9g4Cg3loVMz9MWeKWfDI+ooxxG1aRVetkiKIb2ESS2rrryGecQ/y4pAj4z5A5ebyw450dYRi/c4k/I3UBhHA==",
      "license": "OFL-1.1",
      "funding": {
        "url": "https://github.com/sponsors/ayuhito"
      }
    }
  }
}
